
Microsoft Visual Studio Solution File, Format Version 12.00
# Visual Studio Version 17
VisualStudioVersion = 17.9.34607.119
MinimumVisualStudioVersion = 10.0.40219.1
Project("{9A19103F-16F7-4668-BE54-9A1E7A4F7556}") = "Chapter6-ReceiptProcessor", "Chapter6-ReceiptProcessor\Chapter6-ReceiptProcessor.csproj", "{96E1D244-DDE7-4956-86AE-54CDCCE04402}"
EndProject
Global
	GlobalSection(SolutionConfigurationPlatforms) = preSolution
		Debug|Any CPU = Debug|Any CPU
		Release|Any CPU = Release|Any CPU
	EndGlobalSection
	GlobalSection(ProjectConfigurationPlatforms) = postSolution
		{96E1D244-DDE7-4956-86AE-54CDCCE04402}.Debug|Any CPU.ActiveCfg = Debug|Any CPU
		{96E1D244-DDE7-4956-86AE-54CDCCE04402}.Debug|Any CPU.Build.0 = Debug|Any CPU
		{96E1D244-DDE7-4956-86AE-54CDCCE04402}.Release|Any CPU.ActiveCfg = Release|Any CPU
		{96E1D244-DDE7-4956-86AE-54CDCCE04402}.Release|Any CPU.Build.0 = Release|Any CPU
	EndGlobalSection
	GlobalSection(SolutionProperties) = preSolution
		HideSolutionNode = FALSE
	EndGlobalSection
	GlobalSection(ExtensibilityGlobals) = postSolution
		SolutionGuid = {22101FF7-50D6-4083-B9FE-658FB4FE57B0}
	EndGlobalSection
EndGlobal
